{
  "object": {
    "pins": [
      {
        "package": "grpc-swift",
        "repositoryURL": "https://github.com/grpc/grpc-swift.git",
        "state": {
          "branch": null,
          "revision": "d114c5ec34015bab663b3b7afaa7d6197656e47e",
          "version": "1.9.0"
        }
      },
      {
        "package": "Okapi",
        "repositoryURL": "https://github.com/trinsic-id/okapi-swift.git",
        "state": {
          "branch": null,
          "revision": "11a69b8178a75e276ee38cc68f3cad0559a4254f",
          "version": "1.6.0"
        }
      },
      {
        "package": "swift-atomics",
        "repositoryURL": "https://github.com/apple/swift-atomics.git",
        "state": {
          "branch": null,
          "revision": "919eb1d83e02121cdb434c7bfc1f0c66ef17febe",
          "version": "1.0.2"
        }
      },
      {
        "package": "swift-log",
        "repositoryURL": "https://github.com/apple/swift-log.git",
        "state": {
          "branch": null,
          "revision": "5d66f7ba25daf4f94100e7022febf3c75e37a6c7",
          "version": "1.4.2"
        }
      },
      {
        "package": "swift-nio",
        "repositoryURL": "https://github.com/apple/swift-nio.git",
        "state": {
          "branch": null,
          "revision": "ece5057615d1bee848341eceafdf04ca54d60177",
          "version": "2.41.0"
        }
      },
      {
        "package": "swift-nio-extras",
        "repositoryURL": "https://github.com/apple/swift-nio-extras.git",
        "state": {
          "branch": null,
          "revision": "f72c4688f89c28502105509186eadc49a49cb922",
          "version": "1.10.0"
        }
      },
      {
        "package": "swift-nio-http2",
        "repositoryURL": "https://github.com/apple/swift-nio-http2.git",
        "state": {
          "branch": null,
          "revision": "f9ab1c94c80d568efd762d2a638f25162691d766",
          "version": "1.22.1"
        }
      },
      {
        "package": "swift-nio-ssl",
        "repositoryURL": "https://github.com/apple/swift-nio-ssl.git",
        "state": {
          "branch": null,
          "revision": "2e74773972bd6254c41ceeda827f229bccbf1c0f",
          "version": "2.15.0"
        }
      },
      {
        "package": "swift-nio-transport-services",
        "repositoryURL": "https://github.com/apple/swift-nio-transport-services.git",
        "state": {
          "branch": null,
          "revision": "9571a61d236c5253b6a255a2d13fac536a1e2625",
          "version": "1.11.2"
        }
      },
      {
        "package": "SwiftProtobuf",
        "repositoryURL": "https://github.com/apple/swift-protobuf.git",
        "state": {
          "branch": null,
          "revision": "88c7d15e1242fdb6ecbafbc7926426a19be1e98a",
          "version": "1.20.2"
        }
      }
    ]
  },
  "version": 1
}
